
Microsoft Visual Studio Solution File, Format Version 12.00
# Visual Studio Version 16
VisualStudioVersion = 16.0.31729.503
MinimumVisualStudioVersion = 10.0.40219.1
Project("{9A19103F-16F7-4668-BE54-9A1E7A4F7556}") = "Coocoo3DGraphics1", "Coocoo3DGraphics1\Coocoo3DGraphics1.csproj", "{C8F1A2A5-D662-49A1-94BA-971A8610E3BE}"
EndProject
Project("{9A19103F-16F7-4668-BE54-9A1E7A4F7556}") = "Coocoo3D", "Coocoo3D\Coocoo3D.csproj", "{4CFB90EF-97F7-433A-A5F2-1FC04DDFD16F}"
EndProject
Global
	GlobalSection(SolutionConfigurationPlatforms) = preSolution
		Debug|Any CPU = Debug|Any CPU
		Release|Any CPU = Release|Any CPU
	EndGlobalSection
	GlobalSection(ProjectConfigurationPlatforms) = postSolution
		{C8F1A2A5-D662-49A1-94BA-971A8610E3BE}.Debug|Any CPU.ActiveCfg = Debug|Any CPU
		{C8F1A2A5-D662-49A1-94BA-971A8610E3BE}.Debug|Any CPU.Build.0 = Debug|Any CPU
		{C8F1A2A5-D662-49A1-94BA-971A8610E3BE}.Release|Any CPU.ActiveCfg = Release|Any CPU
		{C8F1A2A5-D662-49A1-94BA-971A8610E3BE}.Release|Any CPU.Build.0 = Release|Any CPU
		{4CFB90EF-97F7-433A-A5F2-1FC04DDFD16F}.Debug|Any CPU.ActiveCfg = Debug|Any CPU
		{4CFB90EF-97F7-433A-A5F2-1FC04DDFD16F}.Debug|Any CPU.Build.0 = Debug|Any CPU
		{4CFB90EF-97F7-433A-A5F2-1FC04DDFD16F}.Release|Any CPU.ActiveCfg = Release|Any CPU
		{4CFB90EF-97F7-433A-A5F2-1FC04DDFD16F}.Release|Any CPU.Build.0 = Release|Any CPU
	EndGlobalSection
	GlobalSection(SolutionProperties) = preSolution
		HideSolutionNode = FALSE
	EndGlobalSection
	GlobalSection(ExtensibilityGlobals) = postSolution
		SolutionGuid = {FE045039-5E6A-4426-B81C-DF037FD0C021}
	EndGlobalSection
EndGlobal
