<?xml version="1.0" encoding="utf-8"?>
<Project ToolsVersion="15.0" xmlns="http://schemas.microsoft.com/developer/msbuild/2003">
  <ItemGroup>
    <Filter Include="Resources">
      <UniqueIdentifier>f4e0e2fb-4eda-48af-8727-0543f69cd9dd</UniqueIdentifier>
      <Extensions>rc;ico;cur;bmp;dlg;rc2;rct;bin;rgs;gif;jpg;jpeg;jpe;resx;tga;tiff;tif;png;wav;mfcribbon-ms</Extensions>
    </Filter>
    <Filter Include="Shaders">
      <UniqueIdentifier>{648577c8-7196-4326-974b-052e169d2d03}</UniqueIdentifier>
    </Filter>
    <Filter Include="Utility">
      <UniqueIdentifier>{ece6b498-c945-4ae4-8551-a6ddc34e9dee}</UniqueIdentifier>
    </Filter>
    <Filter Include="RayTracing">
      <UniqueIdentifier>{33d80bae-d791-47c2-adf9-087c0e11f84b}</UniqueIdentifier>
    </Filter>
    <Filter Include="Shaders\ImageProcess">
      <UniqueIdentifier>{5e577815-f70c-4c5d-8d5b-9bf1dea3d92f}</UniqueIdentifier>
    </Filter>
    <Filter Include="Shaders\AO">
      <UniqueIdentifier>{2038a6fd-c361-4221-b9c0-79f9088d5ab0}</UniqueIdentifier>
    </Filter>
    <Filter Include="GPUProgram">
      <UniqueIdentifier>{ae96fcc1-6f8c-4df5-98b3-f6a0a9b38ddc}</UniqueIdentifier>
    </Filter>
    <Filter Include="Extension">
      <UniqueIdentifier>{dc8429a7-4a7a-406e-bb38-df7e5d3df773}</UniqueIdentifier>
    </Filter>
    <Filter Include="Shaders\BRDF">
      <UniqueIdentifier>{557263b2-fe8d-401e-84ec-177365b89a57}</UniqueIdentifier>
    </Filter>
    <Filter Include="Interoperation">
      <UniqueIdentifier>{cf430e3c-c911-418c-8196-d93058ecfc82}</UniqueIdentifier>
    </Filter>
  </ItemGroup>
  <ItemGroup>
    <ClCompile Include="pch.cpp" />
    <ClCompile Include="MMDMesh.cpp" />
    <ClCompile Include="Texture2D.cpp" />
    <ClCompile Include="RayTracingScene.cpp" />
    <ClCompile Include="TextureCube.cpp" />
    <ClCompile Include="ReadBackTexture2D.cpp" />
    <ClCompile Include="TwinBuffer.cpp" />
    <ClCompile Include="GPUProgram\ComputeShader.cpp">
      <Filter>GPUProgram</Filter>
    </ClCompile>
    <ClCompile Include="GPUProgram\VertexShader.cpp">
      <Filter>GPUProgram</Filter>
    </ClCompile>
    <ClCompile Include="GPUProgram\GeometryShader.cpp">
      <Filter>GPUProgram</Filter>
    </ClCompile>
    <ClCompile Include="GPUProgram\PixelShader.cpp">
      <Filter>GPUProgram</Filter>
    </ClCompile>
    <ClCompile Include="GPUProgram\PSO.cpp">
      <Filter>GPUProgram</Filter>
    </ClCompile>
    <ClCompile Include="MeshBuffer.cpp" />
    <ClCompile Include="Uploader.cpp" />
    <ClCompile Include="MMDMeshAppend.cpp" />
    <ClCompile Include="DeviceResources.cpp" />
    <ClCompile Include="GraphicsContext.cpp" />
    <ClCompile Include="GraphicsSignature.cpp" />
    <ClCompile Include="CBuffer.cpp" />
    <ClCompile Include="Interoperation\InteroperationTypes.cpp">
      <Filter>Interoperation</Filter>
    </ClCompile>
    <ClCompile Include="GPUProgram\PSODesc.cpp">
      <Filter>GPUProgram</Filter>
    </ClCompile>
    <ClCompile Include="GPUProgram\ShaderMacro.cpp">
      <Filter>GPUProgram</Filter>
    </ClCompile>
    <ClCompile Include="Extension\CooUtility.cpp">
      <Filter>Extension</Filter>
    </ClCompile>
    <ClCompile Include="Extension\BoundingBox.cpp">
      <Filter>Extension</Filter>
    </ClCompile>
    <ClCompile Include="RayTracingStateObject.cpp" />
    <ClCompile Include="RayTracingASGroup.cpp" />
    <ClCompile Include="RayTracingShaderTable.cpp" />
    <ClCompile Include="RayTracingTopAS.cpp" />
    <ClCompile Include="RayTracingInstanceGroup.cpp" />
    <ClCompile Include="UnnamedInputLayout.cpp" />
  </ItemGroup>
  <ItemGroup>
    <ClInclude Include="pch.h" />
    <ClInclude Include="MMDMesh.h" />
    <ClInclude Include="Texture2D.h" />
    <ClInclude Include="d3dx12.h">
      <Filter>Utility</Filter>
    </ClInclude>
    <ClInclude Include="RayTracing\DirectXRaytracingHelper.h">
      <Filter>RayTracing</Filter>
    </ClInclude>
    <ClInclude Include="RayTracingScene.h" />
    <ClInclude Include="TextureCube.h" />
    <ClInclude Include="ITexture.h" />
    <ClInclude Include="ReadBackTexture2D.h" />
    <ClInclude Include="TwinBuffer.h" />
    <ClInclude Include="GPUProgram\ComputeShader.h">
      <Filter>GPUProgram</Filter>
    </ClInclude>
    <ClInclude Include="GPUProgram\VertexShader.h">
      <Filter>GPUProgram</Filter>
    </ClInclude>
    <ClInclude Include="GPUProgram\GeometryShader.h">
      <Filter>GPUProgram</Filter>
    </ClInclude>
    <ClInclude Include="GPUProgram\PixelShader.h">
      <Filter>GPUProgram</Filter>
    </ClInclude>
    <ClInclude Include="GPUProgram\PSO.h">
      <Filter>GPUProgram</Filter>
    </ClInclude>
    <ClInclude Include="GPUProgram\ShaderMacro.h">
      <Filter>GPUProgram</Filter>
    </ClInclude>
    <ClInclude Include="TextUtil.h">
      <Filter>Utility</Filter>
    </ClInclude>
    <ClInclude Include="MeshBuffer.h" />
    <ClInclude Include="Uploader.h" />
    <ClInclude Include="MMDMeshAppend.h" />
    <ClInclude Include="DeviceResources.h" />
    <ClInclude Include="DirectXHelper.h" />
    <ClInclude Include="GraphicsContext.h" />
    <ClInclude Include="GraphicsSignature.h" />
    <ClInclude Include="CBuffer.h" />
    <ClInclude Include="Interoperation\InteroperationTypes.h">
      <Filter>Interoperation</Filter>
    </ClInclude>
    <ClInclude Include="GPUProgram\PSODesc.h">
      <Filter>GPUProgram</Filter>
    </ClInclude>
    <ClInclude Include="GraphicsConstance.h" />
    <ClInclude Include="Extension\CooUtility.h">
      <Filter>Extension</Filter>
    </ClInclude>
    <ClInclude Include="Extension\BoundingBox.h">
      <Filter>Extension</Filter>
    </ClInclude>
    <ClInclude Include="RayTracingStateObject.h" />
    <ClInclude Include="RayTracingASGroup.h" />
    <ClInclude Include="RayTracingShaderTable.h" />
    <ClInclude Include="RayTracingTopAS.h" />
    <ClInclude Include="RayTracingInstanceGroup.h" />
    <ClInclude Include="UnnamedInputLayout.h" />
  </ItemGroup>
  <ItemGroup>
    <FxCompile Include="Shaders\VSPostProcess.hlsl">
      <Filter>Shaders</Filter>
    </FxCompile>
    <FxCompile Include="Shaders\PSPostProcess.hlsl">
      <Filter>Shaders</Filter>
    </FxCompile>
    <FxCompile Include="RayTracing\Raytracing.hlsl">
      <Filter>RayTracing</Filter>
    </FxCompile>
    <FxCompile Include="Shaders\VSMMDTransform.hlsl">
      <Filter>Shaders</Filter>
    </FxCompile>
    <FxCompile Include="Shaders\ImageProcess\G_IrradianceMap0.hlsl">
      <Filter>Shaders\ImageProcess</Filter>
    </FxCompile>
    <FxCompile Include="Shaders\ImageProcess\G_ClearIrradianceMap.hlsl">
      <Filter>Shaders\ImageProcess</Filter>
    </FxCompile>
    <FxCompile Include="Shaders\PS_Pass1.hlsl">
      <Filter>Shaders</Filter>
    </FxCompile>
    <FxCompile Include="Shaders\ImageProcess\G_PreFilterEnv.hlsl">
      <Filter>Shaders\ImageProcess</Filter>
    </FxCompile>
    <FxCompile Include="Shaders\PSWidgetUI1.hlsl">
      <Filter>Shaders</Filter>
    </FxCompile>
    <FxCompile Include="Shaders\VSWidgetUI1.hlsl">
      <Filter>Shaders</Filter>
    </FxCompile>
    <FxCompile Include="Shaders\VSWidgetUI2.hlsl">
      <Filter>Shaders</Filter>
    </FxCompile>
    <FxCompile Include="Shaders\PSWidgetUI2.hlsl">
      <Filter>Shaders</Filter>
    </FxCompile>
    <FxCompile Include="Shaders\PSWidgetUILight.hlsl">
      <Filter>Shaders</Filter>
    </FxCompile>
    <FxCompile Include="Shaders\VSWidgetUILight.hlsl">
      <Filter>Shaders</Filter>
    </FxCompile>
    <FxCompile Include="Shaders\PSError.hlsl">
      <Filter>Shaders</Filter>
    </FxCompile>
    <FxCompile Include="Shaders\PSLoading.hlsl">
      <Filter>Shaders</Filter>
    </FxCompile>
    <FxCompile Include="Shaders\VSMMDSkinning.hlsl">
      <Filter>Shaders</Filter>
    </FxCompile>
    <FxCompile Include="Shaders\VS_Pass1.hlsl">
      <Filter>Shaders</Filter>
    </FxCompile>
    <FxCompile Include="Shaders\VS_SkyBox.hlsl">
      <Filter>Shaders</Filter>
    </FxCompile>
    <FxCompile Include="Shaders\PS_SkyBox.hlsl">
      <Filter>Shaders</Filter>
    </FxCompile>
    <FxCompile Include="Shaders\PS_DeferredGBuffer.hlsl">
      <Filter>Shaders</Filter>
    </FxCompile>
    <FxCompile Include="Shaders\PS_DeferredFinal.hlsl">
      <Filter>Shaders</Filter>
    </FxCompile>
    <FxCompile Include="RayTracing\RayTracing2.hlsl">
      <Filter>RayTracing</Filter>
    </FxCompile>
    <FxCompile Include="Shaders\PS_BloomBlur1.hlsl">
      <Filter>Shaders</Filter>
    </FxCompile>
    <FxCompile Include="Shaders\PS_BloomBlur2.hlsl">
      <Filter>Shaders</Filter>
    </FxCompile>
  </ItemGroup>
  <ItemGroup>
    <None Include="Shaders\CameraDataDefine.hlsli">
      <Filter>Shaders</Filter>
    </None>
    <None Include="Shaders\RandomNumberGenerator.hlsli">
      <Filter>Shaders</Filter>
    </None>
    <None Include="Shaders\BRDF\PBR.hlsli">
      <Filter>Shaders\BRDF</Filter>
    </None>
  </ItemGroup>
</Project>